// !$*UTF8*$!
{
	archiveVersion = 1;
	classes = {
	};
	objectVersion = 56;
	objects = {

/* Begin PBXBuildFile section */
		ED6CA2562938D3E70057EEFB /* UserListApp.swift in Sources */ = {isa = PBXBuildFile; fileRef = ED6CA2552938D3E70057EEFB /* UserListApp.swift */; };
		ED6CA2582938D3E70057EEFB /* ContentView.swift in Sources */ = {isa = PBXBuildFile; fileRef = ED6CA2572938D3E70057EEFB /* ContentView.swift */; };
		ED6CA25A2938D3E80057EEFB /* Assets.xcassets in Resources */ = {isa = PBXBuildFile; fileRef = ED6CA2592938D3E80057EEFB /* Assets.xcassets */; };
		ED6CA25D2938D3E80057EEFB /* Preview Assets.xcassets in Resources */ = {isa = PBXBuildFile; fileRef = ED6CA25C2938D3E80057EEFB /* Preview Assets.xcassets */; };
		ED6CA2672938D3E80057EEFB /* UserListTests.swift in Sources */ = {isa = PBXBuildFile; fileRef = ED6CA2662938D3E80057EEFB /* UserListTests.swift */; };
		ED6CA2712938D3E80057EEFB /* UserListUITests.swift in Sources */ = {isa = PBXBuildFile; fileRef = ED6CA2702938D3E80057EEFB /* UserListUITests.swift */; };
		ED6CA2732938D3E80057EEFB /* UserListUITestsLaunchTests.swift in Sources */ = {isa = PBXBuildFile; fileRef = ED6CA2722938D3E80057EEFB /* UserListUITestsLaunchTests.swift */; };
		ED6CA2802938D44C0057EEFB /* JsonDownloader.swift in Sources */ = {isa = PBXBuildFile; fileRef = ED6CA27F2938D44C0057EEFB /* JsonDownloader.swift */; };
		ED6CA2822938D4D10057EEFB /* Users.swift in Sources */ = {isa = PBXBuildFile; fileRef = ED6CA2812938D4D10057EEFB /* Users.swift */; };
		ED6CA2842938D87F0057EEFB /* UserCellView.swift in Sources */ = {isa = PBXBuildFile; fileRef = ED6CA2832938D87F0057EEFB /* UserCellView.swift */; };
		ED6CA2862938E48D0057EEFB /* UserDetailsView.swift in Sources */ = {isa = PBXBuildFile; fileRef = ED6CA2852938E48D0057EEFB /* UserDetailsView.swift */; };
		ED6CA2882938EB610057EEFB /* AlbumDownloader.swift in Sources */ = {isa = PBXBuildFile; fileRef = ED6CA2872938EB610057EEFB /* AlbumDownloader.swift */; };
		ED6CA28A2938EBB70057EEFB /* Albums.swift in Sources */ = {isa = PBXBuildFile; fileRef = ED6CA2892938EBB70057EEFB /* Albums.swift */; };
		ED6CA28C2938EC920057EEFB /* AlbumDetailsView.swift in Sources */ = {isa = PBXBuildFile; fileRef = ED6CA28B2938EC920057EEFB /* AlbumDetailsView.swift */; };
		ED6CA28E2938F50B0057EEFB /* AlbumCellView.swift in Sources */ = {isa = PBXBuildFile; fileRef = ED6CA28D2938F50B0057EEFB /* AlbumCellView.swift */; };
/* End PBXBuildFile section */

/* Begin PBXContainerItemProxy section */
		ED6CA2632938D3E80057EEFB /* PBXContainerItemProxy */ = {
			isa = PBXContainerItemProxy;
			containerPortal = ED6CA24A2938D3E60057EEFB /* Project object */;
			proxyType = 1;
			remoteGlobalIDString = ED6CA2512938D3E70057EEFB;
			remoteInfo = UserList;
		};
		ED6CA26D2938D3E80057EEFB /* PBXContainerItemProxy */ = {
			isa = PBXContainerItemProxy;
			containerPortal = ED6CA24A2938D3E60057EEFB /* Project object */;
			proxyType = 1;
			remoteGlobalIDString = ED6CA2512938D3E70057EEFB;
			remoteInfo = UserList;
		};
/* End PBXContainerItemProxy section */

/* Begin PBXFileReference section */
		ED6CA2522938D3E70057EEFB /* UserList.app */ = {isa = PBXFileReference; explicitFileType = wrapper.application; includeInIndex = 0; path = UserList.app; sourceTree = BUILT_PRODUCTS_DIR; };
		ED6CA2552938D3E70057EEFB /* UserListApp.swift */ = {isa = PBXFileReference; lastKnownFileType = sourcecode.swift; path = UserListApp.swift; sourceTree = "<group>"; };
		ED6CA2572938D3E70057EEFB /* ContentView.swift */ = {isa = PBXFileReference; lastKnownFileType = sourcecode.swift; path = ContentView.swift; sourceTree = "<group>"; };
		ED6CA2592938D3E80057EEFB /* Assets.xcassets */ = {isa = PBXFileReference; lastKnownFileType = folder.assetcatalog; path = Assets.xcassets; sourceTree = "<group>"; };
		ED6CA25C2938D3E80057EEFB /* Preview Assets.xcassets */ = {isa = PBXFileReference; lastKnownFileType = folder.assetcatalog; path = "Preview Assets.xcassets"; sourceTree = "<group>"; };
		ED6CA2622938D3E80057EEFB /* UserListTests.xctest */ = {isa = PBXFileReference; explicitFileType = wrapper.cfbundle; includeInIndex = 0; path = UserListTests.xctest; sourceTree = BUILT_PRODUCTS_DIR; };
		ED6CA2662938D3E80057EEFB /* UserListTests.swift */ = {isa = PBXFileReference; lastKnownFileType = sourcecode.swift; path = UserListTests.swift; sourceTree = "<group>"; };
		ED6CA26C2938D3E80057EEFB /* UserListUITests.xctest */ = {isa = PBXFileReference; explicitFileType = wrapper.cfbundle; includeInIndex = 0; path = UserListUITests.xctest; sourceTree = BUILT_PRODUCTS_DIR; };
		ED6CA2702938D3E80057EEFB /* UserListUITests.swift */ = {isa = PBXFileReference; lastKnownFileType = sourcecode.swift; path = UserListUITests.swift; sourceTree = "<group>"; };
		ED6CA2722938D3E80057EEFB /* UserListUITestsLaunchTests.swift */ = {isa = PBXFileReference; lastKnownFileType = sourcecode.swift; path = UserListUITestsLaunchTests.swift; sourceTree = "<group>"; };
		ED6CA27F2938D44C0057EEFB /* JsonDownloader.swift */ = {isa = PBXFileReference; lastKnownFileType = sourcecode.swift; path = JsonDownloader.swift; sourceTree = "<group>"; };
		ED6CA2812938D4D10057EEFB /* Users.swift */ = {isa = PBXFileReference; lastKnownFileType = sourcecode.swift; path = Users.swift; sourceTree = "<group>"; };
		ED6CA2832938D87F0057EEFB /* UserCellView.swift */ = {isa = PBXFileReference; lastKnownFileType = sourcecode.swift; path = UserCellView.swift; sourceTree = "<group>"; };
		ED6CA2852938E48D0057EEFB /* UserDetailsView.swift */ = {isa = PBXFileReference; lastKnownFileType = sourcecode.swift; path = UserDetailsView.swift; sourceTree = "<group>"; };
		ED6CA2872938EB610057EEFB /* AlbumDownloader.swift */ = {isa = PBXFileReference; lastKnownFileType = sourcecode.swift; path = AlbumDownloader.swift; sourceTree = "<group>"; };
		ED6CA2892938EBB70057EEFB /* Albums.swift */ = {isa = PBXFileReference; lastKnownFileType = sourcecode.swift; path = Albums.swift; sourceTree = "<group>"; };
		ED6CA28B2938EC920057EEFB /* AlbumDetailsView.swift */ = {isa = PBXFileReference; lastKnownFileType = sourcecode.swift; path = AlbumDetailsView.swift; sourceTree = "<group>"; };
		ED6CA28D2938F50B0057EEFB /* AlbumCellView.swift */ = {isa = PBXFileReference; lastKnownFileType = sourcecode.swift; path = AlbumCellView.swift; sourceTree = "<group>"; };
/* End PBXFileReference section */

/* Begin PBXFrameworksBuildPhase section */
		ED6CA24F2938D3E70057EEFB /* Frameworks */ = {
			isa = PBXFrameworksBuildPhase;
			buildActionMask = 2147483647;
			files = (
			);
			runOnlyForDeploymentPostprocessing = 0;
		};
		ED6CA25F2938D3E80057EEFB /* Frameworks */ = {
			isa = PBXFrameworksBuildPhase;
			buildActionMask = 2147483647;
			files = (
			);
			runOnlyForDeploymentPostprocessing = 0;
		};
		ED6CA2692938D3E80057EEFB /* Frameworks */ = {
			isa = PBXFrameworksBuildPhase;
			buildActionMask = 2147483647;
			files = (
			);
			runOnlyForDeploymentPostprocessing = 0;
		};
/* End PBXFrameworksBuildPhase section */

/* Begin PBXGroup section */
		ED6CA2492938D3E60057EEFB = {
			isa = PBXGroup;
			children = (
				ED6CA2542938D3E70057EEFB /* UserList */,
				ED6CA2652938D3E80057EEFB /* UserListTests */,
				ED6CA26F2938D3E80057EEFB /* UserListUITests */,
				ED6CA2532938D3E70057EEFB /* Products */,
			);
			sourceTree = "<group>";
		};
		ED6CA2532938D3E70057EEFB /* Products */ = {
			isa = PBXGroup;
			children = (
				ED6CA2522938D3E70057EEFB /* UserList.app */,
				ED6CA2622938D3E80057EEFB /* UserListTests.xctest */,
				ED6CA26C2938D3E80057EEFB /* UserListUITests.xctest */,
			);
			name = Products;
			sourceTree = "<group>";
		};
		ED6CA2542938D3E70057EEFB /* UserList */ = {
			isa = PBXGroup;
			children = (
				ED6CA28D2938F50B0057EEFB /* AlbumCellView.swift */,
				ED6CA2552938D3E70057EEFB /* UserListApp.swift */,
				ED6CA2572938D3E70057EEFB /* ContentView.swift */,
				ED6CA2832938D87F0057EEFB /* UserCellView.swift */,
				ED6CA2872938EB610057EEFB /* AlbumDownloader.swift */,
				ED6CA2892938EBB70057EEFB /* Albums.swift */,
				ED6CA2852938E48D0057EEFB /* UserDetailsView.swift */,
				ED6CA28B2938EC920057EEFB /* AlbumDetailsView.swift */,
				ED6CA2592938D3E80057EEFB /* Assets.xcassets */,
				ED6CA25B2938D3E80057EEFB /* Preview Content */,
				ED6CA27F2938D44C0057EEFB /* JsonDownloader.swift */,
				ED6CA2812938D4D10057EEFB /* Users.swift */,
			);
			path = UserList;
			sourceTree = "<group>";
		};
		ED6CA25B2938D3E80057EEFB /* Preview Content */ = {
			isa = PBXGroup;
			children = (
				ED6CA25C2938D3E80057EEFB /* Preview Assets.xcassets */,
			);
			path = "Preview Content";
			sourceTree = "<group>";
		};
		ED6CA2652938D3E80057EEFB /* UserListTests */ = {
			isa = PBXGroup;
			children = (
				ED6CA2662938D3E80057EEFB /* UserListTests.swift */,
			);
			path = UserListTests;
			sourceTree = "<group>";
		};
		ED6CA26F2938D3E80057EEFB /* UserListUITests */ = {
			isa = PBXGroup;
			children = (
				ED6CA2702938D3E80057EEFB /* UserListUITests.swift */,
				ED6CA2722938D3E80057EEFB /* UserListUITestsLaunchTests.swift */,
			);
			path = UserListUITests;
			sourceTree = "<group>";
		};
/* End PBXGroup section */

/* Begin PBXNativeTarget section */
		ED6CA2512938D3E70057EEFB /* UserList */ = {
			isa = PBXNativeTarget;
			buildConfigurationList = ED6CA2762938D3E80057EEFB /* Build configuration list for PBXNativeTarget "UserList" */;
			buildPhases = (
				ED6CA24E2938D3E70057EEFB /* Sources */,
				ED6CA24F2938D3E70057EEFB /* Frameworks */,
				ED6CA2502938D3E70057EEFB /* Resources */,
			);
			buildRules = (
			);
			dependencies = (
			);
			name = UserList;
			productName = UserList;
			productReference = ED6CA2522938D3E70057EEFB /* UserList.app */;
			productType = "com.apple.product-type.application";
		};
		ED6CA2612938D3E80057EEFB /* UserListTests */ = {
			isa = PBXNativeTarget;
			buildConfigurationList = ED6CA2792938D3E80057EEFB /* Build configuration list for PBXNativeTarget "UserListTests" */;
			buildPhases = (
				ED6CA25E2938D3E80057EEFB /* Sources */,
				ED6CA25F2938D3E80057EEFB /* Frameworks */,
				ED6CA2602938D3E80057EEFB /* Resources */,
			);
			buildRules = (
			);
			dependencies = (
				ED6CA2642938D3E80057EEFB /* PBXTargetDependency */,
			);
			name = UserListTests;
			productName = UserListTests;
			productReference = ED6CA2622938D3E80057EEFB /* UserListTests.xctest */;
			productType = "com.apple.product-type.bundle.unit-test";
		};
		ED6CA26B2938D3E80057EEFB /* UserListUITests */ = {
			isa = PBXNativeTarget;
			buildConfigurationList = ED6CA27C2938D3E80057EEFB /* Build configuration list for PBXNativeTarget "UserListUITests" */;
			buildPhases = (
				ED6CA2682938D3E80057EEFB /* Sources */,
				ED6CA2692938D3E80057EEFB /* Frameworks */,
				ED6CA26A2938D3E80057EEFB /* Resources */,
			);
			buildRules = (
			);
			dependencies = (
				ED6CA26E2938D3E80057EEFB /* PBXTargetDependency */,
			);
			name = UserListUITests;
			productName = UserListUITests;
			productReference = ED6CA26C2938D3E80057EEFB /* UserListUITests.xctest */;
			productType = "com.apple.product-type.bundle.ui-testing";
		};
/* End PBXNativeTarget section */

/* Begin PBXProject section */
		ED6CA24A2938D3E60057EEFB /* Project object */ = {
			isa = PBXProject;
			attributes = {
				BuildIndependentTargetsInParallel = 1;
				LastSwiftUpdateCheck = 1410;
				LastUpgradeCheck = 1410;
				TargetAttributes = {
					ED6CA2512938D3E70057EEFB = {
						CreatedOnToolsVersion = 14.1;
					};
					ED6CA2612938D3E80057EEFB = {
						CreatedOnToolsVersion = 14.1;
						TestTargetID = ED6CA2512938D3E70057EEFB;
					};
					ED6CA26B2938D3E80057EEFB = {
						CreatedOnToolsVersion = 14.1;
						TestTargetID = ED6CA2512938D3E70057EEFB;
					};
				};
			};
			buildConfigurationList = ED6CA24D2938D3E60057EEFB /* Build configuration list for PBXProject "UserList" */;
			compatibilityVersion = "Xcode 14.0";
			developmentRegion = en;
			hasScannedForEncodings = 0;
			knownRegions = (
				en,
				Base,
			);
			mainGroup = ED6CA2492938D3E60057EEFB;
			productRefGroup = ED6CA2532938D3E70057EEFB /* Products */;
			projectDirPath = "";
			projectRoot = "";
			targets = (
				ED6CA2512938D3E70057EEFB /* UserList */,
				ED6CA2612938D3E80057EEFB /* UserListTests */,
				ED6CA26B2938D3E80057EEFB /* UserListUITests */,
			);
		};
/* End PBXProject section */

/* Begin PBXResourcesBuildPhase section */
		ED6CA2502938D3E70057EEFB /* Resources */ = {
			isa = PBXResourcesBuildPhase;
			buildActionMask = 2147483647;
			files = (
				ED6CA25D2938D3E80057EEFB /* Preview Assets.xcassets in Resources */,
				ED6CA25A2938D3E80057EEFB /* Assets.xcassets in Resources */,
			);
			runOnlyForDeploymentPostprocessing = 0;
		};
		ED6CA2602938D3E80057EEFB /* Resources */ = {
			isa = PBXResourcesBuildPhase;
			buildActionMask = 2147483647;
			files = (
			);
			runOnlyForDeploymentPostprocessing = 0;
		};
		ED6CA26A2938D3E80057EEFB /* Resources */ = {
			isa = PBXResourcesBuildPhase;
			buildActionMask = 2147483647;
			files = (
			);
			runOnlyForDeploymentPostprocessing = 0;
		};
/* End PBXResourcesBuildPhase section */

/* Begin PBXSourcesBuildPhase section */
		ED6CA24E2938D3E70057EEFB /* Sources */ = {
			isa = PBXSourcesBuildPhase;
			buildActionMask = 2147483647;
			files = (
				ED6CA28C2938EC920057EEFB /* AlbumDetailsView.swift in Sources */,
				ED6CA2822938D4D10057EEFB /* Users.swift in Sources */,
				ED6CA2582938D3E70057EEFB /* ContentView.swift in Sources */,
				ED6CA2562938D3E70057EEFB /* UserListApp.swift in Sources */,
				ED6CA28A2938EBB70057EEFB /* Albums.swift in Sources */,
				ED6CA2842938D87F0057EEFB /* UserCellView.swift in Sources */,
				ED6CA28E2938F50B0057EEFB /* AlbumCellView.swift in Sources */,
				ED6CA2882938EB610057EEFB /* AlbumDownloader.swift in Sources */,
				ED6CA2862938E48D0057EEFB /* UserDetailsView.swift in Sources */,
				ED6CA2802938D44C0057EEFB /* JsonDownloader.swift in Sources */,
			);
			runOnlyForDeploymentPostprocessing = 0;
		};
		ED6CA25E2938D3E80057EEFB /* Sources */ = {
			isa = PBXSourcesBuildPhase;
			buildActionMask = 2147483647;
			files = (
				ED6CA2672938D3E80057EEFB /* UserListTests.swift in Sources */,
			);
			runOnlyForDeploymentPostprocessing = 0;
		};
		ED6CA2682938D3E80057EEFB /* Sources */ = {
			isa = PBXSourcesBuildPhase;
			buildActionMask = 2147483647;
			files = (
				ED6CA2732938D3E80057EEFB /* UserListUITestsLaunchTests.swift in Sources */,
				ED6CA2712938D3E80057EEFB /* UserListUITests.swift in Sources */,
			);
			runOnlyForDeploymentPostprocessing = 0;
		};
/* End PBXSourcesBuildPhase section */

/* Begin PBXTargetDependency section */
		ED6CA2642938D3E80057EEFB /* PBXTargetDependency */ = {
			isa = PBXTargetDependency;
			target = ED6CA2512938D3E70057EEFB /* UserList */;
			targetProxy = ED6CA2632938D3E80057EEFB /* PBXContainerItemProxy */;
		};
		ED6CA26E2938D3E80057EEFB /* PBXTargetDependency */ = {
			isa = PBXTargetDependency;
			target = ED6CA2512938D3E70057EEFB /* UserList */;
			targetProxy = ED6CA26D2938D3E80057EEFB /* PBXContainerItemProxy */;
		};
/* End PBXTargetDependency section */

/* Begin XCBuildConfiguration section */
		ED6CA2742938D3E80057EEFB /* Debug */ = {
			isa = XCBuildConfiguration;
			buildSettings = {
				ALWAYS_SEARCH_USER_PATHS = NO;
				CLANG_ANALYZER_NONNULL = YES;
				CLANG_ANALYZER_NUMBER_OBJECT_CONVERSION = YES_AGGRESSIVE;
				CLANG_CXX_LANGUAGE_STANDARD = "gnu++20";
				CLANG_ENABLE_MODULES = YES;
				CLANG_ENABLE_OBJC_ARC = YES;
				CLANG_ENABLE_OBJC_WEAK = YES;
				CLANG_WARN_BLOCK_CAPTURE_AUTORELEASING = YES;
				CLANG_WARN_BOOL_CONVERSION = YES;
				CLANG_WARN_COMMA = YES;
				CLANG_WARN_CONSTANT_CONVERSION = YES;
				CLANG_WARN_DEPRECATED_OBJC_IMPLEMENTATIONS = YES;
				CLANG_WARN_DIRECT_OBJC_ISA_USAGE = YES_ERROR;
				CLANG_WARN_DOCUMENTATION_COMMENTS = YES;
				CLANG_WARN_EMPTY_BODY = YES;
				CLANG_WARN_ENUM_CONVERSION = YES;
				CLANG_WARN_INFINITE_RECURSION = YES;
				CLANG_WARN_INT_CONVERSION = YES;
				CLANG_WARN_NON_LITERAL_NULL_CONVERSION = YES;
				CLANG_WARN_OBJC_IMPLICIT_RETAIN_SELF = YES;
				CLANG_WARN_OBJC_LITERAL_CONVERSION = YES;
				CLANG_WARN_OBJC_ROOT_CLASS = YES_ERROR;
				CLANG_WARN_QUOTED_INCLUDE_IN_FRAMEWORK_HEADER = YES;
				CLANG_WARN_RANGE_LOOP_ANALYSIS = YES;
				CLANG_WARN_STRICT_PROTOTYPES = YES;
				CLANG_WARN_SUSPICIOUS_MOVE = YES;
				CLANG_WARN_UNGUARDED_AVAILABILITY = YES_AGGRESSIVE;
				CLANG_WARN_UNREACHABLE_CODE = YES;
				CLANG_WARN__DUPLICATE_METHOD_MATCH = YES;
				COPY_PHASE_STRIP = NO;
				DEBUG_INFORMATION_FORMAT = dwarf;
				ENABLE_STRICT_OBJC_MSGSEND = YES;
				ENABLE_TESTABILITY = YES;
				GCC_C_LANGUAGE_STANDARD = gnu11;
				GCC_DYNAMIC_NO_PIC = NO;
				GCC_NO_COMMON_BLOCKS = YES;
				GCC_OPTIMIZATION_LEVEL = 0;
				GCC_PREPROCESSOR_DEFINITIONS = (
					"DEBUG=1",
					"$(inherited)",
				);
				GCC_WARN_64_TO_32_BIT_CONVERSION = YES;
				GCC_WARN_ABOUT_RETURN_TYPE = YES_ERROR;
				GCC_WARN_UNDECLARED_SELECTOR = YES;
				GCC_WARN_UNINITIALIZED_AUTOS = YES_AGGRESSIVE;
				GCC_WARN_UNUSED_FUNCTION = YES;
				GCC_WARN_UNUSED_VARIABLE = YES;
				IPHONEOS_DEPLOYMENT_TARGET = 16.1;
				MTL_ENABLE_DEBUG_INFO = INCLUDE_SOURCE;
				MTL_FAST_MATH = YES;
				ONLY_ACTIVE_ARCH = YES;
				SDKROOT = iphoneos;
				SWIFT_ACTIVE_COMPILATION_CONDITIONS = DEBUG;
				SWIFT_OPTIMIZATION_LEVEL = "-Onone";
			};
			name = Debug;
		};
		ED6CA2752938D3E80057EEFB /* Release */ = {
			isa = XCBuildConfiguration;
			buildSettings = {
				ALWAYS_SEARCH_USER_PATHS = NO;
				CLANG_ANALYZER_NONNULL = YES;
				CLANG_ANALYZER_NUMBER_OBJECT_CONVERSION = YES_AGGRESSIVE;
				CLANG_CXX_LANGUAGE_STANDARD = "gnu++20";
				CLANG_ENABLE_MODULES = YES;
				CLANG_ENABLE_OBJC_ARC = YES;
				CLANG_ENABLE_OBJC_WEAK = YES;
				CLANG_WARN_BLOCK_CAPTURE_AUTORELEASING = YES;
				CLANG_WARN_BOOL_CONVERSION = YES;
				CLANG_WARN_COMMA = YES;
				CLANG_WARN_CONSTANT_CONVERSION = YES;
				CLANG_WARN_DEPRECATED_OBJC_IMPLEMENTATIONS = YES;
				CLANG_WARN_DIRECT_OBJC_ISA_USAGE = YES_ERROR;
				CLANG_WARN_DOCUMENTATION_COMMENTS = YES;
				CLANG_WARN_EMPTY_BODY = YES;
				CLANG_WARN_ENUM_CONVERSION = YES;
				CLANG_WARN_INFINITE_RECURSION = YES;
				CLANG_WARN_INT_CONVERSION = YES;
				CLANG_WARN_NON_LITERAL_NULL_CONVERSION = YES;
				CLANG_WARN_OBJC_IMPLICIT_RETAIN_SELF = YES;
				CLANG_WARN_OBJC_LITERAL_CONVERSION = YES;
				CLANG_WARN_OBJC_ROOT_CLASS = YES_ERROR;
				CLANG_WARN_QUOTED_INCLUDE_IN_FRAMEWORK_HEADER = YES;
				CLANG_WARN_RANGE_LOOP_ANALYSIS = YES;
				CLANG_WARN_STRICT_PROTOTYPES = YES;
				CLANG_WARN_SUSPICIOUS_MOVE = YES;
				CLANG_WARN_UNGUARDED_AVAILABILITY = YES_AGGRESSIVE;
				CLANG_WARN_UNREACHABLE_CODE = YES;
				CLANG_WARN__DUPLICATE_METHOD_MATCH = YES;
				COPY_PHASE_STRIP = NO;
				DEBUG_INFORMATION_FORMAT = "dwarf-with-dsym";
				ENABLE_NS_ASSERTIONS = NO;
				ENABLE_STRICT_OBJC_MSGSEND = YES;
				GCC_C_LANGUAGE_STANDARD = gnu11;
				GCC_NO_COMMON_BLOCKS = YES;
				GCC_WARN_64_TO_32_BIT_CONVERSION = YES;
				GCC_WARN_ABOUT_RETURN_TYPE = YES_ERROR;
				GCC_WARN_UNDECLARED_SELECTOR = YES;
				GCC_WARN_UNINITIALIZED_AUTOS = YES_AGGRESSIVE;
				GCC_WARN_UNUSED_FUNCTION = YES;
				GCC_WARN_UNUSED_VARIABLE = YES;
				IPHONEOS_DEPLOYMENT_TARGET = 16.1;
				MTL_ENABLE_DEBUG_INFO = NO;
				MTL_FAST_MATH = YES;
				SDKROOT = iphoneos;
				SWIFT_COMPILATION_MODE = wholemodule;
				SWIFT_OPTIMIZATION_LEVEL = "-O";
				VALIDATE_PRODUCT = YES;
			};
			name = Release;
		};
		ED6CA2772938D3E80057EEFB /* Debug */ = {
			isa = XCBuildConfiguration;
			buildSettings = {
				ASSETCATALOG_COMPILER_APPICON_NAME = AppIcon;
				ASSETCATALOG_COMPILER_GLOBAL_ACCENT_COLOR_NAME = AccentColor;
				CODE_SIGN_STYLE = Automatic;
				CURRENT_PROJECT_VERSION = 1;
				DEVELOPMENT_ASSET_PATHS = "\"UserList/Preview Content\"";
				ENABLE_PREVIEWS = YES;
				GENERATE_INFOPLIST_FILE = YES;
				INFOPLIST_KEY_UIApplicationSceneManifest_Generation = YES;
				INFOPLIST_KEY_UIApplicationSupportsIndirectInputEvents = YES;
				INFOPLIST_KEY_UILaunchScreen_Generation = YES;
				INFOPLIST_KEY_UISupportedInterfaceOrientations_iPad = "UIInterfaceOrientationPortrait UIInterfaceOrientationPortraitUpsideDown UIInterfaceOrientationLandscapeLeft UIInterfaceOrientationLandscapeRight";
				INFOPLIST_KEY_UISupportedInterfaceOrientations_iPhone = "UIInterfaceOrientationPortrait UIInterfaceOrientationLandscapeLeft UIInterfaceOrientationLandscapeRight";
				LD_RUNPATH_SEARCH_PATHS = (
					"$(inherited)",
					"@executable_path/Frameworks",
				);
				MARKETING_VERSION = 1.0;
				PRODUCT_BUNDLE_IDENTIFIER = jojo.UserList;
				PRODUCT_NAME = "$(TARGET_NAME)";
				SWIFT_EMIT_LOC_STRINGS = YES;
				SWIFT_VERSION = 5.0;
				TARGETED_DEVICE_FAMILY = "1,2";
			};
			name = Debug;
		};
		ED6CA2782938D3E80057EEFB /* Release */ = {
			isa = XCBuildConfiguration;
			buildSettings = {
				ASSETCATALOG_COMPILER_APPICON_NAME = AppIcon;
				ASSETCATALOG_COMPILER_GLOBAL_ACCENT_COLOR_NAME = AccentColor;
				CODE_SIGN_STYLE = Automatic;
				CURRENT_PROJECT_VERSION = 1;
				DEVELOPMENT_ASSET_PATHS = "\"UserList/Preview Content\"";
				ENABLE_PREVIEWS = YES;
				GENERATE_INFOPLIST_FILE = YES;
				INFOPLIST_KEY_UIApplicationSceneManifest_Generation = YES;
				INFOPLIST_KEY_UIApplicationSupportsIndirectInputEvents = YES;
				INFOPLIST_KEY_UILaunchScreen_Generation = YES;
				INFOPLIST_KEY_UISupportedInterfaceOrientations_iPad = "UIInterfaceOrientationPortrait UIInterfaceOrientationPortraitUpsideDown UIInterfaceOrientationLandscapeLeft UIInterfaceOrientationLandscapeRight";
				INFOPLIST_KEY_UISupportedInterfaceOrientations_iPhone = "UIInterfaceOrientationPortrait UIInterfaceOrientationLandscapeLeft UIInterfaceOrientationLandscapeRight";
				LD_RUNPATH_SEARCH_PATHS = (
					"$(inherited)",
					"@executable_path/Frameworks",
				);
				MARKETING_VERSION = 1.0;
				PRODUCT_BUNDLE_IDENTIFIER = jojo.UserList;
				PRODUCT_NAME = "$(TARGET_NAME)";
				SWIFT_EMIT_LOC_STRINGS = YES;
				SWIFT_VERSION = 5.0;
				TARGETED_DEVICE_FAMILY = "1,2";
			};
			name = Release;
		};
		ED6CA27A2938D3E80057EEFB /* Debug */ = {
			isa = XCBuildConfiguration;
			buildSettings = {
				ALWAYS_EMBED_SWIFT_STANDARD_LIBRARIES = YES;
				BUNDLE_LOADER = "$(TEST_HOST)";
				CODE_SIGN_STYLE = Automatic;
				CURRENT_PROJECT_VERSION = 1;
				GENERATE_INFOPLIST_FILE = YES;
				IPHONEOS_DEPLOYMENT_TARGET = 16.1;
				MARKETING_VERSION = 1.0;
				PRODUCT_BUNDLE_IDENTIFIER = jojo.UserListTests;
				PRODUCT_NAME = "$(TARGET_NAME)";
				SWIFT_EMIT_LOC_STRINGS = NO;
				SWIFT_VERSION = 5.0;
				TARGETED_DEVICE_FAMILY = "1,2";
				TEST_HOST = "$(BUILT_PRODUCTS_DIR)/UserList.app/$(BUNDLE_EXECUTABLE_FOLDER_PATH)/UserList";
			};
			name = Debug;
		};
		ED6CA27B2938D3E80057EEFB /* Release */ = {
			isa = XCBuildConfiguration;
			buildSettings = {
				ALWAYS_EMBED_SWIFT_STANDARD_LIBRARIES = YES;
				BUNDLE_LOADER = "$(TEST_HOST)";
				CODE_SIGN_STYLE = Automatic;
				CURRENT_PROJECT_VERSION = 1;
				GENERATE_INFOPLIST_FILE = YES;
				IPHONEOS_DEPLOYMENT_TARGET = 16.1;
				MARKETING_VERSION = 1.0;
				PRODUCT_BUNDLE_IDENTIFIER = jojo.UserListTests;
				PRODUCT_NAME = "$(TARGET_NAME)";
				SWIFT_EMIT_LOC_STRINGS = NO;
				SWIFT_VERSION = 5.0;
				TARGETED_DEVICE_FAMILY = "1,2";
				TEST_HOST = "$(BUILT_PRODUCTS_DIR)/UserList.app/$(BUNDLE_EXECUTABLE_FOLDER_PATH)/UserList";
			};
			name = Release;
		};
		ED6CA27D2938D3E80057EEFB /* Debug */ = {
			isa = XCBuildConfiguration;
			buildSettings = {
				ALWAYS_EMBED_SWIFT_STANDARD_LIBRARIES = YES;
				CODE_SIGN_STYLE = Automatic;
				CURRENT_PROJECT_VERSION = 1;
				GENERATE_INFOPLIST_FILE = YES;
				MARKETING_VERSION = 1.0;
				PRODUCT_BUNDLE_IDENTIFIER = jojo.UserListUITests;
				PRODUCT_NAME = "$(TARGET_NAME)";
				SWIFT_EMIT_LOC_STRINGS = NO;
				SWIFT_VERSION = 5.0;
				TARGETED_DEVICE_FAMILY = "1,2";
				TEST_TARGET_NAME = UserList;
			};
			name = Debug;
		};
		ED6CA27E2938D3E80057EEFB /* Release */ = {
			isa = XCBuildConfiguration;
			buildSettings = {
				ALWAYS_EMBED_SWIFT_STANDARD_LIBRARIES = YES;
				CODE_SIGN_STYLE = Automatic;
				CURRENT_PROJECT_VERSION = 1;
				GENERATE_INFOPLIST_FILE = YES;
				MARKETING_VERSION = 1.0;
				PRODUCT_BUNDLE_IDENTIFIER = jojo.UserListUITests;
				PRODUCT_NAME = "$(TARGET_NAME)";
				SWIFT_EMIT_LOC_STRINGS = NO;
				SWIFT_VERSION = 5.0;
				TARGETED_DEVICE_FAMILY = "1,2";
				TEST_TARGET_NAME = UserList;
			};
			name = Release;
		};
/* End XCBuildConfiguration section */

/* Begin XCConfigurationList section */
		ED6CA24D2938D3E60057EEFB /* Build configuration list for PBXProject "UserList" */ = {
			isa = XCConfigurationList;
			buildConfigurations = (
				ED6CA2742938D3E80057EEFB /* Debug */,
				ED6CA2752938D3E80057EEFB /* Release */,
			);
			defaultConfigurationIsVisible = 0;
			defaultConfigurationName = Release;
		};
		ED6CA2762938D3E80057EEFB /* Build configuration list for PBXNativeTarget "UserList" */ = {
			isa = XCConfigurationList;
			buildConfigurations = (
				ED6CA2772938D3E80057EEFB /* Debug */,
				ED6CA2782938D3E80057EEFB /* Release */,
			);
			defaultConfigurationIsVisible = 0;
			defaultConfigurationName = Release;
		};
		ED6CA2792938D3E80057EEFB /* Build configuration list for PBXNativeTarget "UserListTests" */ = {
			isa = XCConfigurationList;
			buildConfigurations = (
				ED6CA27A2938D3E80057EEFB /* Debug */,
				ED6CA27B2938D3E80057EEFB /* Release */,
			);
			defaultConfigurationIsVisible = 0;
			defaultConfigurationName = Release;
		};
		ED6CA27C2938D3E80057EEFB /* Build configuration list for PBXNativeTarget "UserListUITests" */ = {
			isa = XCConfigurationList;
			buildConfigurations = (
				ED6CA27D2938D3E80057EEFB /* Debug */,
				ED6CA27E2938D3E80057EEFB /* Release */,
			);
			defaultConfigurationIsVisible = 0;
			defaultConfigurationName = Release;
		};
/* End XCConfigurationList section */
	};
	rootObject = ED6CA24A2938D3E60057EEFB /* Project object */;
}
